
Microsoft Visual Studio Solution File, Format Version 12.00
# Visual Studio 15
VisualStudioVersion = 15.0.27428.2005
MinimumVisualStudioVersion = 10.0.40219.1
Project("{FAE04EC0-301F-11D3-BF4B-00C04F79EFBC}") = "ImageService", "ConsoleApplication4\ImageService.csproj", "{95ECA12F-E72B-4DEA-A647-02E2DDEE556C}"
EndProject
Project("{FAE04EC0-301F-11D3-BF4B-00C04F79EFBC}") = "GUI", "GUI\GUI.csproj", "{2BA6BF9C-A804-4AB2-AE6D-C963170CFA07}"
EndProject
Global
	GlobalSection(SolutionConfigurationPlatforms) = preSolution
		Debug|Any CPU = Debug|Any CPU
		Release|Any CPU = Release|Any CPU
	EndGlobalSection
	GlobalSection(ProjectConfigurationPlatforms) = postSolution
		{95ECA12F-E72B-4DEA-A647-02E2DDEE556C}.Debug|Any CPU.ActiveCfg = Debug|Any CPU
		{95ECA12F-E72B-4DEA-A647-02E2DDEE556C}.Debug|Any CPU.Build.0 = Debug|Any CPU
		{95ECA12F-E72B-4DEA-A647-02E2DDEE556C}.Release|Any CPU.ActiveCfg = Release|Any CPU
		{95ECA12F-E72B-4DEA-A647-02E2DDEE556C}.Release|Any CPU.Build.0 = Release|Any CPU
		{2BA6BF9C-A804-4AB2-AE6D-C963170CFA07}.Debug|Any CPU.ActiveCfg = Debug|Any CPU
		{2BA6BF9C-A804-4AB2-AE6D-C963170CFA07}.Debug|Any CPU.Build.0 = Debug|Any CPU
		{2BA6BF9C-A804-4AB2-AE6D-C963170CFA07}.Release|Any CPU.ActiveCfg = Release|Any CPU
		{2BA6BF9C-A804-4AB2-AE6D-C963170CFA07}.Release|Any CPU.Build.0 = Release|Any CPU
	EndGlobalSection
	GlobalSection(SolutionProperties) = preSolution
		HideSolutionNode = FALSE
	EndGlobalSection
	GlobalSection(ExtensibilityGlobals) = postSolution
		SolutionGuid = {35994C62-C99D-4023-9EF8-7E346CBBD2B8}
	EndGlobalSection
EndGlobal
